
Microsoft Visual Studio Solution File, Format Version 12.00
# Visual Studio Version 17
VisualStudioVersion = 17.7.34031.279
MinimumVisualStudioVersion = 10.0.40219.1
Project("{FAE04EC0-301F-11D3-BF4B-00C04F79EFBC}") = "Aplicación04.V2", "Aplicación04.V2\Aplicación04.V2.csproj", "{C915D843-82B9-4FEC-9030-8BF923F7F96F}"
EndProject
Global
	GlobalSection(SolutionConfigurationPlatforms) = preSolution
		Debug|Any CPU = Debug|Any CPU
		Release|Any CPU = Release|Any CPU
	EndGlobalSection
	GlobalSection(ProjectConfigurationPlatforms) = postSolution
		{C915D843-82B9-4FEC-9030-8BF923F7F96F}.Debug|Any CPU.ActiveCfg = Debug|Any CPU
		{C915D843-82B9-4FEC-9030-8BF923F7F96F}.Debug|Any CPU.Build.0 = Debug|Any CPU
		{C915D843-82B9-4FEC-9030-8BF923F7F96F}.Release|Any CPU.ActiveCfg = Release|Any CPU
		{C915D843-82B9-4FEC-9030-8BF923F7F96F}.Release|Any CPU.Build.0 = Release|Any CPU
	EndGlobalSection
	GlobalSection(SolutionProperties) = preSolution
		HideSolutionNode = FALSE
	EndGlobalSection
	GlobalSection(ExtensibilityGlobals) = postSolution
		SolutionGuid = {1BCAF49F-2B45-4C53-9A5B-9243DB080EF1}
	EndGlobalSection
EndGlobal
